{
  "name": "@bryopsida/node-dns",
  "version": "0.1.0",
  "lockfileVersion": 3,
  "requires": true,
  "packages": {
    "": {
      "name": "@bryopsida/node-dns",
      "version": "0.1.0",
      "license": "Unlicense",
      "os": [
        "darwin",
        "linux"
      ],
      "engines": {
        "node": ">=20"
      }
    }
  }
}
